
Microsoft Visual Studio Solution File, Format Version 12.00
# Visual Studio 15
VisualStudioVersion = 15.0.28307.329
MinimumVisualStudioVersion = 10.0.40219.1
Project("{FAE04EC0-301F-11D3-BF4B-00C04F79EFBC}") = "RentCar", "RentCar\RentCar.csproj", "{92CDD557-DE65-4CC2-BF17-8F9640AC0FFD}"
EndProject
Global
	GlobalSection(SolutionConfigurationPlatforms) = preSolution
		Debug|Any CPU = Debug|Any CPU
		Release|Any CPU = Release|Any CPU
	EndGlobalSection
	GlobalSection(ProjectConfigurationPlatforms) = postSolution
		{92CDD557-DE65-4CC2-BF17-8F9640AC0FFD}.Debug|Any CPU.ActiveCfg = Debug|Any CPU
		{92CDD557-DE65-4CC2-BF17-8F9640AC0FFD}.Debug|Any CPU.Build.0 = Debug|Any CPU
		{92CDD557-DE65-4CC2-BF17-8F9640AC0FFD}.Release|Any CPU.ActiveCfg = Release|Any CPU
		{92CDD557-DE65-4CC2-BF17-8F9640AC0FFD}.Release|Any CPU.Build.0 = Release|Any CPU
	EndGlobalSection
	GlobalSection(SolutionProperties) = preSolution
		HideSolutionNode = FALSE
	EndGlobalSection
	GlobalSection(ExtensibilityGlobals) = postSolution
		SolutionGuid = {AC76F27E-64A9-4D47-852F-D44B32D32F67}
	EndGlobalSection
EndGlobal
